
Microsoft Visual Studio Solution File, Format Version 12.00
# Visual Studio Version 17
VisualStudioVersion = 17.2.32630.192
MinimumVisualStudioVersion = 10.0.40219.1
Project("{9A19103F-16F7-4668-BE54-9A1E7A4F7556}") = "AutoResponseFileIssueRepro", "AutoResponseFileIssueRepro\AutoResponseFileIssueRepro.csproj", "{5E802BB0-9A63-461F-8FAF-884943C5A808}"
EndProject
Project("{9A19103F-16F7-4668-BE54-9A1E7A4F7556}") = "ClassLibrarySample", "ClassLibrarySample\ClassLibrarySample.csproj", "{699BC985-A128-4046-A35F-D4D100548C20}"
EndProject
Project("{FAE04EC0-301F-11D3-BF4B-00C04F79EFBC}") = "TestProjectIssueRepro", "TestProjectIssueRepro\TestProjectIssueRepro.csproj", "{33E64770-C524-4A9C-8A0C-42E91B5C3BA2}"
EndProject
Global
	GlobalSection(SolutionConfigurationPlatforms) = preSolution
		Debug|Any CPU = Debug|Any CPU
		Release|Any CPU = Release|Any CPU
	EndGlobalSection
	GlobalSection(ProjectConfigurationPlatforms) = postSolution
		{5E802BB0-9A63-461F-8FAF-884943C5A808}.Debug|Any CPU.ActiveCfg = Debug|Any CPU
		{5E802BB0-9A63-461F-8FAF-884943C5A808}.Debug|Any CPU.Build.0 = Debug|Any CPU
		{5E802BB0-9A63-461F-8FAF-884943C5A808}.Release|Any CPU.ActiveCfg = Release|Any CPU
		{5E802BB0-9A63-461F-8FAF-884943C5A808}.Release|Any CPU.Build.0 = Release|Any CPU
		{699BC985-A128-4046-A35F-D4D100548C20}.Debug|Any CPU.ActiveCfg = Debug|Any CPU
		{699BC985-A128-4046-A35F-D4D100548C20}.Debug|Any CPU.Build.0 = Debug|Any CPU
		{699BC985-A128-4046-A35F-D4D100548C20}.Release|Any CPU.ActiveCfg = Release|Any CPU
		{699BC985-A128-4046-A35F-D4D100548C20}.Release|Any CPU.Build.0 = Release|Any CPU
		{33E64770-C524-4A9C-8A0C-42E91B5C3BA2}.Debug|Any CPU.ActiveCfg = Debug|Any CPU
		{33E64770-C524-4A9C-8A0C-42E91B5C3BA2}.Debug|Any CPU.Build.0 = Debug|Any CPU
		{33E64770-C524-4A9C-8A0C-42E91B5C3BA2}.Release|Any CPU.ActiveCfg = Release|Any CPU
		{33E64770-C524-4A9C-8A0C-42E91B5C3BA2}.Release|Any CPU.Build.0 = Release|Any CPU
	EndGlobalSection
	GlobalSection(SolutionProperties) = preSolution
		HideSolutionNode = FALSE
	EndGlobalSection
	GlobalSection(ExtensibilityGlobals) = postSolution
		SolutionGuid = {C0018B1D-38A4-4AC5-8600-E23286C8C5E7}
	EndGlobalSection
EndGlobal
